
Microsoft Visual Studio Solution File, Format Version 12.00
# Visual Studio Version 16
VisualStudioVersion = 16.0.808.5
MinimumVisualStudioVersion = 10.0.40219.1
Project("{FAE04EC0-301F-11D3-BF4B-00C04F79EFBC}") = "OCAS", "OCAS.csproj", "{9B5CC5DF-97BC-4DAA-A4C6-DA75D5661FB3}"
EndProject
Global
	GlobalSection(SolutionConfigurationPlatforms) = preSolution
		Debug|Any CPU = Debug|Any CPU
		Release|Any CPU = Release|Any CPU
	EndGlobalSection
	GlobalSection(ProjectConfigurationPlatforms) = postSolution
		{9B5CC5DF-97BC-4DAA-A4C6-DA75D5661FB3}.Debug|Any CPU.ActiveCfg = Debug|Any CPU
		{9B5CC5DF-97BC-4DAA-A4C6-DA75D5661FB3}.Debug|Any CPU.Build.0 = Debug|Any CPU
		{9B5CC5DF-97BC-4DAA-A4C6-DA75D5661FB3}.Release|Any CPU.ActiveCfg = Release|Any CPU
		{9B5CC5DF-97BC-4DAA-A4C6-DA75D5661FB3}.Release|Any CPU.Build.0 = Release|Any CPU
	EndGlobalSection
	GlobalSection(SolutionProperties) = preSolution
		HideSolutionNode = FALSE
	EndGlobalSection
	GlobalSection(ExtensibilityGlobals) = postSolution
		SolutionGuid = {5A3BEDF4-F06C-4ECF-AE73-8E9E756096BF}
	EndGlobalSection
EndGlobal
